# This file is autogenerated, do not edit; changes may be undone by the next 'dep ensure'.


[[projects]]
  name = "github.com/go-redis/redis"
  packages = [
    ".",
    "internal",
    "internal/consistenthash",
    "internal/hashtag",
    "internal/pool",
    "internal/proto",
    "internal/util"
  ]
  revision = "c5c4ad6a4cae24f3867af1a0513709fc944a87f3"
  version = "v6.15.4"

[[projects]]
  name = "github.com/golang/protobuf"
  packages = ["proto"]
  revision = "6c65a5562fc06764971b7c5d05c76c75e84bdbf7"
  version = "v1.3.2"

[[projects]]
  name = "github.com/pkg/errors"
  packages = ["."]
  revision = "ba968bfe8b2f7e042a574c888954fccecfa385b4"
  version = "v0.8.1"

[[projects]]
  name = "github.com/vmihailenco/msgpack"
  packages = [
    ".",
    "codes"
  ]
  revision = "cd92a145e6d2ce09e792f838dc0b669b680aea29"
  version = "v4.1.1"

[[projects]]
  name = "github.com/vmihailenco/tagparser"
  packages = [
    ".",
    "internal",
    "internal/parser"
  ]
  revision = "30ae5c3178272fa372e1e9c17e68f181e0ebe285"
  version = "v0.1.0"

[[projects]]
  name = "github.com/xiaojiaoyu100/curlew"
  packages = ["."]
  revision = "3e0da50a027b0e6ad1fbf8028b6b2aac1237c6c4"
  version = "v0.1.0"

[[projects]]
  name = "github.com/xiaojiaoyu100/lizard"
  packages = ["mass"]
  revision = "a213a5010f622257d7542168bf262d842e8492b9"
  version = "v0.0.1"

[[projects]]
  name = "github.com/xiaojiaoyu100/roc"
  packages = ["."]
  revision = "6384f119cda28142f2fb2b59c30df071388fcee5"
  version = "v0.0.1"

[[projects]]
  branch = "master"
  name = "golang.org/x/net"
  packages = ["context"]
  revision = "74dc4d7220e7acc4e100824340f3e66577424772"

[[projects]]
  name = "google.golang.org/appengine"
  packages = [
    ".",
    "datastore",
    "datastore/internal/cloudkey",
    "datastore/internal/cloudpb",
    "internal",
    "internal/app_identity",
    "internal/base",
    "internal/datastore",
    "internal/log",
    "internal/modules",
    "internal/remote_api"
  ]
  revision = "b2f4a3cf3c67576a2ee09e1fe62656a5086ce880"
  version = "v1.6.1"

[solve-meta]
  analyzer-name = "dep"
  analyzer-version = 1
  inputs-digest = "24d3270a7a15bb4959917bc957a57eb7f533f214bce14b51eadab90d6818f8da"
  solver-name = "gps-cdcl"
  solver-version = 1
